
Microsoft Visual Studio Solution File, Format Version 12.00
# Visual Studio Version 16
VisualStudioVersion = 16.0.28922.388
MinimumVisualStudioVersion = 10.0.40219.1
Project("{2150E333-8FDC-42A3-9474-1A3956D46DE8}") = "01.UI", "01.UI", "{768224B1-3E6E-488A-8F7E-50AD92ECFFF1}"
EndProject
Project("{FAE04EC0-301F-11D3-BF4B-00C04F79EFBC}") = "ManageMyNotes", "ManageMyNotes\ManageMyNotes.csproj", "{B8D5BE92-0281-4C87-A804-6C6B66064A95}"
EndProject
Project("{2150E333-8FDC-42A3-9474-1A3956D46DE8}") = "02.Common", "02.Common", "{52D86C69-5CC1-4A2A-9F64-596AB94B366F}"
EndProject
Project("{FAE04EC0-301F-11D3-BF4B-00C04F79EFBC}") = "HRSS.ManageMyNotes.Common", "HRSS.ManageMyNotes.Common\HRSS.ManageMyNotes.Common.csproj", "{4F0D405A-3441-492A-AC13-5B9C6D91A35D}"
EndProject
Project("{2150E333-8FDC-42A3-9474-1A3956D46DE8}") = "03.Data", "03.Data", "{98456699-E213-4FAC-9523-C506203ABCA4}"
EndProject
Project("{FAE04EC0-301F-11D3-BF4B-00C04F79EFBC}") = "HRSS.ManageMyNotes.Model", "HRSS.ManageMyNotes.Model\HRSS.ManageMyNotes.Model.csproj", "{848CED99-EDD0-4BC0-A82D-F574555F38E9}"
EndProject
Project("{FAE04EC0-301F-11D3-BF4B-00C04F79EFBC}") = "HRSS.ManageMyNotes.Repository", "HRSS.ManageMyNotes.Repository\HRSS.ManageMyNotes.Repository.csproj", "{0FDB71CC-EE45-4F09-BE10-C8A63DF457CB}"
EndProject
Project("{FAE04EC0-301F-11D3-BF4B-00C04F79EFBC}") = "Euler", "Euler\Euler.csproj", "{CA3FF770-B772-4886-BA51-ED4B90E90F51}"
EndProject
Project("{FAE04EC0-301F-11D3-BF4B-00C04F79EFBC}") = "YouTubeLearning", "YouTubeLearning\YouTubeLearning.csproj", "{F74A18A3-155A-4F0E-B04F-DBDFA95AD4BA}"
EndProject
Project("{2150E333-8FDC-42A3-9474-1A3956D46DE8}") = "04.CSharp7InANutshell", "04.CSharp7InANutshell", "{3ED2E2A9-1A62-4868-B62E-6EFF4A88336B}"
	ProjectSection(SolutionItems) = preProject
		C7SharpInANutshell\ChapterOneNotes.txt = C7SharpInANutshell\ChapterOneNotes.txt
	EndProjectSection
EndProject
Project("{9A19103F-16F7-4668-BE54-9A1E7A4F7556}") = "CSharpVersionsFeatures", "CSharp7NewFeatures\CSharpVersionsFeatures.csproj", "{4C05D957-7ADF-48E5-86C7-4E441258411A}"
EndProject
Project("{9A19103F-16F7-4668-BE54-9A1E7A4F7556}") = "TestAll", "TestAll\TestAll.csproj", "{F97B9788-6468-403E-A4D8-1BCB3261AE09}"
EndProject
Project("{2150E333-8FDC-42A3-9474-1A3956D46DE8}") = "04.HeadsFirstDesignPatterns", "04.HeadsFirstDesignPatterns", "{B0CC0EEF-1994-456E-8D4E-E235D106BF0E}"
EndProject
Project("{9A19103F-16F7-4668-BE54-9A1E7A4F7556}") = "Chapter1", "Chapter1\Chapter1.csproj", "{72F43D69-5158-447C-B7EA-04F2F3682C89}"
EndProject
Project("{9A19103F-16F7-4668-BE54-9A1E7A4F7556}") = "Runner", "Runner\Runner.csproj", "{030D2863-9A78-4153-AA21-B9175944B1E7}"
EndProject
Project("{9A19103F-16F7-4668-BE54-9A1E7A4F7556}") = "Chapter2", "Chapter2\Chapter2.csproj", "{4177F5B1-D9E8-4997-A0CF-90D4BD218A43}"
EndProject
Project("{9A19103F-16F7-4668-BE54-9A1E7A4F7556}") = "Chapter3", "Chapter3\Chapter3.csproj", "{92250631-7F4D-4EA6-BB45-CEFCE8AD7766}"
EndProject
Project("{2150E333-8FDC-42A3-9474-1A3956D46DE8}") = "05.PlayGround", "05.PlayGround", "{A99FC758-9802-43F9-8461-2769D02AA988}"
EndProject
Project("{9A19103F-16F7-4668-BE54-9A1E7A4F7556}") = "PlayGroundConsoleApp", "PlayGroundConsoleApp\PlayGroundConsoleApp.csproj", "{A0FEA7EC-2607-4B49-926B-01F5B8CFA89E}"
EndProject
Project("{9A19103F-16F7-4668-BE54-9A1E7A4F7556}") = "Chapter4", "Chapter4\Chapter4.csproj", "{0895595E-C741-4150-B261-CA06DA863FDD}"
EndProject
Project("{9A19103F-16F7-4668-BE54-9A1E7A4F7556}") = "Chapter5", "Chapter5\Chapter5.csproj", "{16BA519A-93BC-4317-A5DB-50D93F630C7F}"
EndProject
Project("{9A19103F-16F7-4668-BE54-9A1E7A4F7556}") = "Chapter6", "Chapter6\Chapter6.csproj", "{BE569685-1788-4D6A-BFEA-B5B30F59B60A}"
EndProject
Project("{9A19103F-16F7-4668-BE54-9A1E7A4F7556}") = "Chapter7", "Chapter7\Chapter7.csproj", "{1CD4A259-5AB6-44AC-8023-BF741A1E27C4}"
EndProject
Project("{9A19103F-16F7-4668-BE54-9A1E7A4F7556}") = "Chapter8", "Chapter8\Chapter8.csproj", "{72C5307C-07DF-4D7F-ADD9-7F419DBFA5B7}"
EndProject
Project("{9A19103F-16F7-4668-BE54-9A1E7A4F7556}") = "Chapter9", "Chapter9\Chapter9.csproj", "{9794E811-A90E-4B87-84E4-C027B7E8B05A}"
EndProject
Project("{FAE04EC0-301F-11D3-BF4B-00C04F79EFBC}") = "Chapter10", "Chapter10\Chapter10.csproj", "{8E23CAB6-9107-48C3-AB93-64DC692583C9}"
EndProject
Global
	GlobalSection(SolutionConfigurationPlatforms) = preSolution
		Debug|Any CPU = Debug|Any CPU
		Release|Any CPU = Release|Any CPU
	EndGlobalSection
	GlobalSection(ProjectConfigurationPlatforms) = postSolution
		{B8D5BE92-0281-4C87-A804-6C6B66064A95}.Debug|Any CPU.ActiveCfg = Debug|Any CPU
		{B8D5BE92-0281-4C87-A804-6C6B66064A95}.Debug|Any CPU.Build.0 = Debug|Any CPU
		{B8D5BE92-0281-4C87-A804-6C6B66064A95}.Release|Any CPU.ActiveCfg = Release|Any CPU
		{B8D5BE92-0281-4C87-A804-6C6B66064A95}.Release|Any CPU.Build.0 = Release|Any CPU
		{4F0D405A-3441-492A-AC13-5B9C6D91A35D}.Debug|Any CPU.ActiveCfg = Debug|Any CPU
		{4F0D405A-3441-492A-AC13-5B9C6D91A35D}.Debug|Any CPU.Build.0 = Debug|Any CPU
		{4F0D405A-3441-492A-AC13-5B9C6D91A35D}.Release|Any CPU.ActiveCfg = Release|Any CPU
		{4F0D405A-3441-492A-AC13-5B9C6D91A35D}.Release|Any CPU.Build.0 = Release|Any CPU
		{848CED99-EDD0-4BC0-A82D-F574555F38E9}.Debug|Any CPU.ActiveCfg = Debug|Any CPU
		{848CED99-EDD0-4BC0-A82D-F574555F38E9}.Debug|Any CPU.Build.0 = Debug|Any CPU
		{848CED99-EDD0-4BC0-A82D-F574555F38E9}.Release|Any CPU.ActiveCfg = Release|Any CPU
		{848CED99-EDD0-4BC0-A82D-F574555F38E9}.Release|Any CPU.Build.0 = Release|Any CPU
		{0FDB71CC-EE45-4F09-BE10-C8A63DF457CB}.Debug|Any CPU.ActiveCfg = Debug|Any CPU
		{0FDB71CC-EE45-4F09-BE10-C8A63DF457CB}.Debug|Any CPU.Build.0 = Debug|Any CPU
		{0FDB71CC-EE45-4F09-BE10-C8A63DF457CB}.Release|Any CPU.ActiveCfg = Release|Any CPU
		{0FDB71CC-EE45-4F09-BE10-C8A63DF457CB}.Release|Any CPU.Build.0 = Release|Any CPU
		{CA3FF770-B772-4886-BA51-ED4B90E90F51}.Debug|Any CPU.ActiveCfg = Debug|Any CPU
		{CA3FF770-B772-4886-BA51-ED4B90E90F51}.Debug|Any CPU.Build.0 = Debug|Any CPU
		{CA3FF770-B772-4886-BA51-ED4B90E90F51}.Release|Any CPU.ActiveCfg = Release|Any CPU
		{CA3FF770-B772-4886-BA51-ED4B90E90F51}.Release|Any CPU.Build.0 = Release|Any CPU
		{F74A18A3-155A-4F0E-B04F-DBDFA95AD4BA}.Debug|Any CPU.ActiveCfg = Debug|Any CPU
		{F74A18A3-155A-4F0E-B04F-DBDFA95AD4BA}.Debug|Any CPU.Build.0 = Debug|Any CPU
		{F74A18A3-155A-4F0E-B04F-DBDFA95AD4BA}.Release|Any CPU.ActiveCfg = Release|Any CPU
		{F74A18A3-155A-4F0E-B04F-DBDFA95AD4BA}.Release|Any CPU.Build.0 = Release|Any CPU
		{4C05D957-7ADF-48E5-86C7-4E441258411A}.Debug|Any CPU.ActiveCfg = Debug|Any CPU
		{4C05D957-7ADF-48E5-86C7-4E441258411A}.Debug|Any CPU.Build.0 = Debug|Any CPU
		{4C05D957-7ADF-48E5-86C7-4E441258411A}.Release|Any CPU.ActiveCfg = Release|Any CPU
		{4C05D957-7ADF-48E5-86C7-4E441258411A}.Release|Any CPU.Build.0 = Release|Any CPU
		{F97B9788-6468-403E-A4D8-1BCB3261AE09}.Debug|Any CPU.ActiveCfg = Debug|Any CPU
		{F97B9788-6468-403E-A4D8-1BCB3261AE09}.Debug|Any CPU.Build.0 = Debug|Any CPU
		{F97B9788-6468-403E-A4D8-1BCB3261AE09}.Release|Any CPU.ActiveCfg = Release|Any CPU
		{F97B9788-6468-403E-A4D8-1BCB3261AE09}.Release|Any CPU.Build.0 = Release|Any CPU
		{72F43D69-5158-447C-B7EA-04F2F3682C89}.Debug|Any CPU.ActiveCfg = Debug|Any CPU
		{72F43D69-5158-447C-B7EA-04F2F3682C89}.Debug|Any CPU.Build.0 = Debug|Any CPU
		{72F43D69-5158-447C-B7EA-04F2F3682C89}.Release|Any CPU.ActiveCfg = Release|Any CPU
		{72F43D69-5158-447C-B7EA-04F2F3682C89}.Release|Any CPU.Build.0 = Release|Any CPU
		{030D2863-9A78-4153-AA21-B9175944B1E7}.Debug|Any CPU.ActiveCfg = Debug|Any CPU
		{030D2863-9A78-4153-AA21-B9175944B1E7}.Debug|Any CPU.Build.0 = Debug|Any CPU
		{030D2863-9A78-4153-AA21-B9175944B1E7}.Release|Any CPU.ActiveCfg = Release|Any CPU
		{030D2863-9A78-4153-AA21-B9175944B1E7}.Release|Any CPU.Build.0 = Release|Any CPU
		{4177F5B1-D9E8-4997-A0CF-90D4BD218A43}.Debug|Any CPU.ActiveCfg = Debug|Any CPU
		{4177F5B1-D9E8-4997-A0CF-90D4BD218A43}.Debug|Any CPU.Build.0 = Debug|Any CPU
		{4177F5B1-D9E8-4997-A0CF-90D4BD218A43}.Release|Any CPU.ActiveCfg = Release|Any CPU
		{4177F5B1-D9E8-4997-A0CF-90D4BD218A43}.Release|Any CPU.Build.0 = Release|Any CPU
		{92250631-7F4D-4EA6-BB45-CEFCE8AD7766}.Debug|Any CPU.ActiveCfg = Debug|Any CPU
		{92250631-7F4D-4EA6-BB45-CEFCE8AD7766}.Debug|Any CPU.Build.0 = Debug|Any CPU
		{92250631-7F4D-4EA6-BB45-CEFCE8AD7766}.Release|Any CPU.ActiveCfg = Release|Any CPU
		{92250631-7F4D-4EA6-BB45-CEFCE8AD7766}.Release|Any CPU.Build.0 = Release|Any CPU
		{A0FEA7EC-2607-4B49-926B-01F5B8CFA89E}.Debug|Any CPU.ActiveCfg = Debug|Any CPU
		{A0FEA7EC-2607-4B49-926B-01F5B8CFA89E}.Debug|Any CPU.Build.0 = Debug|Any CPU
		{A0FEA7EC-2607-4B49-926B-01F5B8CFA89E}.Release|Any CPU.ActiveCfg = Release|Any CPU
		{A0FEA7EC-2607-4B49-926B-01F5B8CFA89E}.Release|Any CPU.Build.0 = Release|Any CPU
		{0895595E-C741-4150-B261-CA06DA863FDD}.Debug|Any CPU.ActiveCfg = Debug|Any CPU
		{0895595E-C741-4150-B261-CA06DA863FDD}.Debug|Any CPU.Build.0 = Debug|Any CPU
		{0895595E-C741-4150-B261-CA06DA863FDD}.Release|Any CPU.ActiveCfg = Release|Any CPU
		{0895595E-C741-4150-B261-CA06DA863FDD}.Release|Any CPU.Build.0 = Release|Any CPU
		{16BA519A-93BC-4317-A5DB-50D93F630C7F}.Debug|Any CPU.ActiveCfg = Debug|Any CPU
		{16BA519A-93BC-4317-A5DB-50D93F630C7F}.Debug|Any CPU.Build.0 = Debug|Any CPU
		{16BA519A-93BC-4317-A5DB-50D93F630C7F}.Release|Any CPU.ActiveCfg = Release|Any CPU
		{16BA519A-93BC-4317-A5DB-50D93F630C7F}.Release|Any CPU.Build.0 = Release|Any CPU
		{BE569685-1788-4D6A-BFEA-B5B30F59B60A}.Debug|Any CPU.ActiveCfg = Debug|Any CPU
		{BE569685-1788-4D6A-BFEA-B5B30F59B60A}.Debug|Any CPU.Build.0 = Debug|Any CPU
		{BE569685-1788-4D6A-BFEA-B5B30F59B60A}.Release|Any CPU.ActiveCfg = Release|Any CPU
		{BE569685-1788-4D6A-BFEA-B5B30F59B60A}.Release|Any CPU.Build.0 = Release|Any CPU
		{1CD4A259-5AB6-44AC-8023-BF741A1E27C4}.Debug|Any CPU.ActiveCfg = Debug|Any CPU
		{1CD4A259-5AB6-44AC-8023-BF741A1E27C4}.Debug|Any CPU.Build.0 = Debug|Any CPU
		{1CD4A259-5AB6-44AC-8023-BF741A1E27C4}.Release|Any CPU.ActiveCfg = Release|Any CPU
		{1CD4A259-5AB6-44AC-8023-BF741A1E27C4}.Release|Any CPU.Build.0 = Release|Any CPU
		{72C5307C-07DF-4D7F-ADD9-7F419DBFA5B7}.Debug|Any CPU.ActiveCfg = Debug|Any CPU
		{72C5307C-07DF-4D7F-ADD9-7F419DBFA5B7}.Debug|Any CPU.Build.0 = Debug|Any CPU
		{72C5307C-07DF-4D7F-ADD9-7F419DBFA5B7}.Release|Any CPU.ActiveCfg = Release|Any CPU
		{72C5307C-07DF-4D7F-ADD9-7F419DBFA5B7}.Release|Any CPU.Build.0 = Release|Any CPU
		{9794E811-A90E-4B87-84E4-C027B7E8B05A}.Debug|Any CPU.ActiveCfg = Debug|Any CPU
		{9794E811-A90E-4B87-84E4-C027B7E8B05A}.Debug|Any CPU.Build.0 = Debug|Any CPU
		{9794E811-A90E-4B87-84E4-C027B7E8B05A}.Release|Any CPU.ActiveCfg = Release|Any CPU
		{9794E811-A90E-4B87-84E4-C027B7E8B05A}.Release|Any CPU.Build.0 = Release|Any CPU
		{8E23CAB6-9107-48C3-AB93-64DC692583C9}.Debug|Any CPU.ActiveCfg = Debug|Any CPU
		{8E23CAB6-9107-48C3-AB93-64DC692583C9}.Debug|Any CPU.Build.0 = Debug|Any CPU
		{8E23CAB6-9107-48C3-AB93-64DC692583C9}.Release|Any CPU.ActiveCfg = Release|Any CPU
		{8E23CAB6-9107-48C3-AB93-64DC692583C9}.Release|Any CPU.Build.0 = Release|Any CPU
	EndGlobalSection
	GlobalSection(SolutionProperties) = preSolution
		HideSolutionNode = FALSE
	EndGlobalSection
	GlobalSection(NestedProjects) = preSolution
		{B8D5BE92-0281-4C87-A804-6C6B66064A95} = {768224B1-3E6E-488A-8F7E-50AD92ECFFF1}
		{4F0D405A-3441-492A-AC13-5B9C6D91A35D} = {52D86C69-5CC1-4A2A-9F64-596AB94B366F}
		{848CED99-EDD0-4BC0-A82D-F574555F38E9} = {98456699-E213-4FAC-9523-C506203ABCA4}
		{0FDB71CC-EE45-4F09-BE10-C8A63DF457CB} = {98456699-E213-4FAC-9523-C506203ABCA4}
		{CA3FF770-B772-4886-BA51-ED4B90E90F51} = {768224B1-3E6E-488A-8F7E-50AD92ECFFF1}
		{F74A18A3-155A-4F0E-B04F-DBDFA95AD4BA} = {768224B1-3E6E-488A-8F7E-50AD92ECFFF1}
		{4C05D957-7ADF-48E5-86C7-4E441258411A} = {3ED2E2A9-1A62-4868-B62E-6EFF4A88336B}
		{F97B9788-6468-403E-A4D8-1BCB3261AE09} = {768224B1-3E6E-488A-8F7E-50AD92ECFFF1}
		{72F43D69-5158-447C-B7EA-04F2F3682C89} = {B0CC0EEF-1994-456E-8D4E-E235D106BF0E}
		{030D2863-9A78-4153-AA21-B9175944B1E7} = {B0CC0EEF-1994-456E-8D4E-E235D106BF0E}
		{4177F5B1-D9E8-4997-A0CF-90D4BD218A43} = {B0CC0EEF-1994-456E-8D4E-E235D106BF0E}
		{92250631-7F4D-4EA6-BB45-CEFCE8AD7766} = {B0CC0EEF-1994-456E-8D4E-E235D106BF0E}
		{A0FEA7EC-2607-4B49-926B-01F5B8CFA89E} = {A99FC758-9802-43F9-8461-2769D02AA988}
		{0895595E-C741-4150-B261-CA06DA863FDD} = {B0CC0EEF-1994-456E-8D4E-E235D106BF0E}
		{16BA519A-93BC-4317-A5DB-50D93F630C7F} = {B0CC0EEF-1994-456E-8D4E-E235D106BF0E}
		{BE569685-1788-4D6A-BFEA-B5B30F59B60A} = {B0CC0EEF-1994-456E-8D4E-E235D106BF0E}
		{1CD4A259-5AB6-44AC-8023-BF741A1E27C4} = {B0CC0EEF-1994-456E-8D4E-E235D106BF0E}
		{72C5307C-07DF-4D7F-ADD9-7F419DBFA5B7} = {B0CC0EEF-1994-456E-8D4E-E235D106BF0E}
		{9794E811-A90E-4B87-84E4-C027B7E8B05A} = {B0CC0EEF-1994-456E-8D4E-E235D106BF0E}
		{8E23CAB6-9107-48C3-AB93-64DC692583C9} = {B0CC0EEF-1994-456E-8D4E-E235D106BF0E}
	EndGlobalSection
	GlobalSection(ExtensibilityGlobals) = postSolution
		SolutionGuid = {8E906B12-92ED-40C3-A1E0-82C81A92941E}
	EndGlobalSection
EndGlobal
